# This file is automatically @generated by Cargo.
# It is not intended for manual editing.
version = 4

[[package]]
name = "convert-base"
version = "1.1.2"
source = "registry+https://github.com/rust-lang/crates.io-index"
checksum = "e56a404f2112d00ba80a516b60ca3744ef6bd776baa14126eb7d7c11b42cac8a"

[[package]]
name = "task2"
version = "0.1.0"
dependencies = [
 "convert-base",
]
